
Microsoft Visual Studio Solution File, Format Version 11.00
# Visual Studio 2010
Project("{FAE04EC0-301F-11D3-BF4B-00C04F79EFBC}") = "another_goddamn_echo_test", "Assembly-CSharp-firstpass.csproj", "{149A1F9C-7BC8-210C-1FF7-D6B8CA0DA006}"
EndProject
Project("{FAE04EC0-301F-11D3-BF4B-00C04F79EFBC}") = "another_goddamn_echo_test", "Assembly-CSharp.csproj", "{444912E1-4D19-AE3E-3079-6E9251DE5D10}"
EndProject
Project("{FAE04EC0-301F-11D3-BF4B-00C04F79EFBC}") = "another_goddamn_echo_test", "Assembly-CSharp-Editor-firstpass.csproj", "{D7859400-23CB-B7E7-F7C9-9D7B83B13689}"
EndProject
Project("{FAE04EC0-301F-11D3-BF4B-00C04F79EFBC}") = "another_goddamn_echo_test", "Assembly-CSharp-Editor.csproj", "{132BA494-6DE9-ED2D-625A-CEE89797A989}"
EndProject
Global
	GlobalSection(SolutionConfigurationPlatforms) = preSolution
		Debug|Any CPU = Debug|Any CPU
		Release|Any CPU = Release|Any CPU
	EndGlobalSection
	GlobalSection(ProjectConfigurationPlatforms) = postSolution
		{149A1F9C-7BC8-210C-1FF7-D6B8CA0DA006}.Debug|Any CPU.ActiveCfg = Debug|Any CPU
		{149A1F9C-7BC8-210C-1FF7-D6B8CA0DA006}.Debug|Any CPU.Build.0 = Debug|Any CPU
		{149A1F9C-7BC8-210C-1FF7-D6B8CA0DA006}.Release|Any CPU.ActiveCfg = Release|Any CPU
		{149A1F9C-7BC8-210C-1FF7-D6B8CA0DA006}.Release|Any CPU.Build.0 = Release|Any CPU
		{444912E1-4D19-AE3E-3079-6E9251DE5D10}.Debug|Any CPU.ActiveCfg = Debug|Any CPU
		{444912E1-4D19-AE3E-3079-6E9251DE5D10}.Debug|Any CPU.Build.0 = Debug|Any CPU
		{444912E1-4D19-AE3E-3079-6E9251DE5D10}.Release|Any CPU.ActiveCfg = Release|Any CPU
		{444912E1-4D19-AE3E-3079-6E9251DE5D10}.Release|Any CPU.Build.0 = Release|Any CPU
		{D7859400-23CB-B7E7-F7C9-9D7B83B13689}.Debug|Any CPU.ActiveCfg = Debug|Any CPU
		{D7859400-23CB-B7E7-F7C9-9D7B83B13689}.Debug|Any CPU.Build.0 = Debug|Any CPU
		{D7859400-23CB-B7E7-F7C9-9D7B83B13689}.Release|Any CPU.ActiveCfg = Release|Any CPU
		{D7859400-23CB-B7E7-F7C9-9D7B83B13689}.Release|Any CPU.Build.0 = Release|Any CPU
		{132BA494-6DE9-ED2D-625A-CEE89797A989}.Debug|Any CPU.ActiveCfg = Debug|Any CPU
		{132BA494-6DE9-ED2D-625A-CEE89797A989}.Debug|Any CPU.Build.0 = Debug|Any CPU
		{132BA494-6DE9-ED2D-625A-CEE89797A989}.Release|Any CPU.ActiveCfg = Release|Any CPU
		{132BA494-6DE9-ED2D-625A-CEE89797A989}.Release|Any CPU.Build.0 = Release|Any CPU
	EndGlobalSection
	GlobalSection(SolutionProperties) = preSolution
		HideSolutionNode = FALSE
	EndGlobalSection
	GlobalSection(MonoDevelopProperties) = preSolution
		StartupItem = Assembly-CSharp.csproj
	EndGlobalSection
EndGlobal
